
Microsoft Visual Studio Solution File, Format Version 12.00
Project("{2150E333-8FDC-42A3-9474-1A3956D46DE8}") = "src", "src", "{4846D6E7-A6D2-427B-915C-04B2F66B988E}"
EndProject
Project("{FAE04EC0-301F-11D3-BF4B-00C04F79EFBC}") = "LeetCodeProblemSolutions", "src\LeetCodeProblemSolutions\LeetCodeProblemSolutions.csproj", "{D459424F-D9A6-4958-82D6-A8175B864E89}"
EndProject
Global
	GlobalSection(SolutionConfigurationPlatforms) = preSolution
		Debug|Any CPU = Debug|Any CPU
		Release|Any CPU = Release|Any CPU
	EndGlobalSection
	GlobalSection(ProjectConfigurationPlatforms) = postSolution
		{D459424F-D9A6-4958-82D6-A8175B864E89}.Debug|Any CPU.ActiveCfg = Debug|Any CPU
		{D459424F-D9A6-4958-82D6-A8175B864E89}.Debug|Any CPU.Build.0 = Debug|Any CPU
		{D459424F-D9A6-4958-82D6-A8175B864E89}.Release|Any CPU.ActiveCfg = Release|Any CPU
		{D459424F-D9A6-4958-82D6-A8175B864E89}.Release|Any CPU.Build.0 = Release|Any CPU
	EndGlobalSection
	GlobalSection(NestedProjects) = preSolution
		{D459424F-D9A6-4958-82D6-A8175B864E89} = {4846D6E7-A6D2-427B-915C-04B2F66B988E}
	EndGlobalSection
EndGlobal
